
Microsoft Visual Studio Solution File, Format Version 12.00
# Visual Studio 15
VisualStudioVersion = 15.0.28307.168
MinimumVisualStudioVersion = 10.0.40219.1
Project("{FAE04EC0-301F-11D3-BF4B-00C04F79EFBC}") = "DiscoCordAPI", "DiscoCordAPI\DiscoCordAPI.csproj", "{D702F004-6FB0-49ED-BE8F-6E4687CCD813}"
EndProject
Global
	GlobalSection(SolutionConfigurationPlatforms) = preSolution
		Debug|Any CPU = Debug|Any CPU
		Release|Any CPU = Release|Any CPU
	EndGlobalSection
	GlobalSection(ProjectConfigurationPlatforms) = postSolution
		{D702F004-6FB0-49ED-BE8F-6E4687CCD813}.Debug|Any CPU.ActiveCfg = Debug|Any CPU
		{D702F004-6FB0-49ED-BE8F-6E4687CCD813}.Debug|Any CPU.Build.0 = Debug|Any CPU
		{D702F004-6FB0-49ED-BE8F-6E4687CCD813}.Release|Any CPU.ActiveCfg = Release|Any CPU
		{D702F004-6FB0-49ED-BE8F-6E4687CCD813}.Release|Any CPU.Build.0 = Release|Any CPU
	EndGlobalSection
	GlobalSection(SolutionProperties) = preSolution
		HideSolutionNode = FALSE
	EndGlobalSection
	GlobalSection(ExtensibilityGlobals) = postSolution
		SolutionGuid = {69BC2CB4-1B91-4009-931E-F4833D34E306}
	EndGlobalSection
EndGlobal
